// !$*UTF8*$!
{
	archiveVersion = 1;
	classes = {
	};
	objectVersion = 46;
	objects = {

/* Begin PBXBuildFile section */
		8714CEE71DEA57BF009426FA /* AppDelegate.swift in Sources */ = {isa = PBXBuildFile; fileRef = 8714CEE61DEA57BF009426FA /* AppDelegate.swift */; };
		8714CEE91DEA57BF009426FA /* PantryViewController.swift in Sources */ = {isa = PBXBuildFile; fileRef = 8714CEE81DEA57BF009426FA /* PantryViewController.swift */; };
		8714CEEC1DEA57BF009426FA /* Main.storyboard in Resources */ = {isa = PBXBuildFile; fileRef = 8714CEEA1DEA57BF009426FA /* Main.storyboard */; };
		8714CEEE1DEA57BF009426FA /* Assets.xcassets in Resources */ = {isa = PBXBuildFile; fileRef = 8714CEED1DEA57BF009426FA /* Assets.xcassets */; };
		8714CEF11DEA57BF009426FA /* LaunchScreen.storyboard in Resources */ = {isa = PBXBuildFile; fileRef = 8714CEEF1DEA57BF009426FA /* LaunchScreen.storyboard */; };
		872F5E941DF21B36009D641D /* Product.swift in Sources */ = {isa = PBXBuildFile; fileRef = 872F5E931DF21B36009D641D /* Product.swift */; };
		872F5E981DF29260009D641D /* ProductTableViewController.swift in Sources */ = {isa = PBXBuildFile; fileRef = 872F5E971DF29260009D641D /* ProductTableViewController.swift */; };
		872F5E9A1DF4892D009D641D /* Inventory.swift in Sources */ = {isa = PBXBuildFile; fileRef = 872F5E991DF4892D009D641D /* Inventory.swift */; };
		872F5E9E1DF4BB9D009D641D /* ProductViewController.swift in Sources */ = {isa = PBXBuildFile; fileRef = 872F5E9D1DF4BB9D009D641D /* ProductViewController.swift */; };
		872F5EC51DF52801009D641D /* ProductTableViewCell.swift in Sources */ = {isa = PBXBuildFile; fileRef = 872F5EC41DF52801009D641D /* ProductTableViewCell.swift */; };
		872F5EC71DF5318B009D641D /* Pantry.swift in Sources */ = {isa = PBXBuildFile; fileRef = 872F5EC61DF5318B009D641D /* Pantry.swift */; };
		872F5ED41DF534E7009D641D /* FMDatabase.m in Sources */ = {isa = PBXBuildFile; fileRef = 872F5ECA1DF534E7009D641D /* FMDatabase.m */; };
		872F5ED51DF534E7009D641D /* FMDatabaseAdditions.m in Sources */ = {isa = PBXBuildFile; fileRef = 872F5ECC1DF534E7009D641D /* FMDatabaseAdditions.m */; };
		872F5ED61DF534E7009D641D /* FMDatabasePool.m in Sources */ = {isa = PBXBuildFile; fileRef = 872F5ECE1DF534E7009D641D /* FMDatabasePool.m */; };
		872F5ED71DF534E7009D641D /* FMDatabaseQueue.m in Sources */ = {isa = PBXBuildFile; fileRef = 872F5ED01DF534E7009D641D /* FMDatabaseQueue.m */; };
		872F5ED81DF534E7009D641D /* FMResultSet.m in Sources */ = {isa = PBXBuildFile; fileRef = 872F5ED31DF534E7009D641D /* FMResultSet.m */; };
		872F5EDC1DF5CA1F009D641D /* libsqlite3.tbd in Frameworks */ = {isa = PBXBuildFile; fileRef = 872F5EDB1DF5CA1F009D641D /* libsqlite3.tbd */; };
		872F5EDE1DF5D204009D641D /* pantry.db in Resources */ = {isa = PBXBuildFile; fileRef = 872F5EDD1DF5D204009D641D /* pantry.db */; };
		872F5EE11DF7BE85009D641D /* InventoryTableViewCell.swift in Sources */ = {isa = PBXBuildFile; fileRef = 872F5EE01DF7BE84009D641D /* InventoryTableViewCell.swift */; };
		872F5EE31DF7C4AD009D641D /* InventoryTableViewController.swift in Sources */ = {isa = PBXBuildFile; fileRef = 872F5EE21DF7C4AD009D641D /* InventoryTableViewController.swift */; };
		872F5EE51DF7E6C6009D641D /* InventoryViewController.swift in Sources */ = {isa = PBXBuildFile; fileRef = 872F5EE41DF7E6C6009D641D /* InventoryViewController.swift */; };
		872F5EE81DFA6E54009D641D /* Barcode.swift in Sources */ = {isa = PBXBuildFile; fileRef = 872F5EE71DFA6E54009D641D /* Barcode.swift */; };
		872F5EEA1DFA8F65009D641D /* ScanViewController.swift in Sources */ = {isa = PBXBuildFile; fileRef = 872F5EE91DFA8F65009D641D /* ScanViewController.swift */; };
/* End PBXBuildFile section */

/* Begin PBXFileReference section */
		8714CEE31DEA57BF009426FA /* Pantry1.app */ = {isa = PBXFileReference; explicitFileType = wrapper.application; includeInIndex = 0; path = Pantry1.app; sourceTree = BUILT_PRODUCTS_DIR; };
		8714CEE61DEA57BF009426FA /* AppDelegate.swift */ = {isa = PBXFileReference; lastKnownFileType = sourcecode.swift; path = AppDelegate.swift; sourceTree = "<group>"; };
		8714CEE81DEA57BF009426FA /* PantryViewController.swift */ = {isa = PBXFileReference; lastKnownFileType = sourcecode.swift; path = PantryViewController.swift; sourceTree = "<group>"; };
		8714CEEB1DEA57BF009426FA /* Base */ = {isa = PBXFileReference; lastKnownFileType = file.storyboard; name = Base; path = Base.lproj/Main.storyboard; sourceTree = "<group>"; };
		8714CEED1DEA57BF009426FA /* Assets.xcassets */ = {isa = PBXFileReference; lastKnownFileType = folder.assetcatalog; path = Assets.xcassets; sourceTree = "<group>"; };
		8714CEF01DEA57BF009426FA /* Base */ = {isa = PBXFileReference; lastKnownFileType = file.storyboard; name = Base; path = Base.lproj/LaunchScreen.storyboard; sourceTree = "<group>"; };
		8714CEF21DEA57BF009426FA /* Info.plist */ = {isa = PBXFileReference; lastKnownFileType = text.plist.xml; path = Info.plist; sourceTree = "<group>"; };
		872F5E931DF21B36009D641D /* Product.swift */ = {isa = PBXFileReference; fileEncoding = 4; lastKnownFileType = sourcecode.swift; path = Product.swift; sourceTree = "<group>"; };
		872F5E971DF29260009D641D /* ProductTableViewController.swift */ = {isa = PBXFileReference; fileEncoding = 4; lastKnownFileType = sourcecode.swift; path = ProductTableViewController.swift; sourceTree = "<group>"; };
		872F5E991DF4892D009D641D /* Inventory.swift */ = {isa = PBXFileReference; fileEncoding = 4; lastKnownFileType = sourcecode.swift; path = Inventory.swift; sourceTree = "<group>"; };
		872F5E9D1DF4BB9D009D641D /* ProductViewController.swift */ = {isa = PBXFileReference; fileEncoding = 4; lastKnownFileType = sourcecode.swift; path = ProductViewController.swift; sourceTree = "<group>"; };
		872F5EC41DF52801009D641D /* ProductTableViewCell.swift */ = {isa = PBXFileReference; fileEncoding = 4; lastKnownFileType = sourcecode.swift; path = ProductTableViewCell.swift; sourceTree = "<group>"; };
		872F5EC61DF5318B009D641D /* Pantry.swift */ = {isa = PBXFileReference; fileEncoding = 4; lastKnownFileType = sourcecode.swift; path = Pantry.swift; sourceTree = "<group>"; };
		872F5EC81DF534E6009D641D /* Pantry1-Bridging-Header.h */ = {isa = PBXFileReference; lastKnownFileType = sourcecode.c.h; path = "Pantry1-Bridging-Header.h"; sourceTree = SOURCE_ROOT; };
		872F5EC91DF534E7009D641D /* FMDatabase.h */ = {isa = PBXFileReference; fileEncoding = 4; lastKnownFileType = sourcecode.c.h; name = FMDatabase.h; path = FMDatabase/FMDatabase.h; sourceTree = "<group>"; };
		872F5ECA1DF534E7009D641D /* FMDatabase.m */ = {isa = PBXFileReference; fileEncoding = 4; lastKnownFileType = sourcecode.c.objc; name = FMDatabase.m; path = FMDatabase/FMDatabase.m; sourceTree = "<group>"; };
		872F5ECB1DF534E7009D641D /* FMDatabaseAdditions.h */ = {isa = PBXFileReference; fileEncoding = 4; lastKnownFileType = sourcecode.c.h; name = FMDatabaseAdditions.h; path = FMDatabase/FMDatabaseAdditions.h; sourceTree = "<group>"; };
		872F5ECC1DF534E7009D641D /* FMDatabaseAdditions.m */ = {isa = PBXFileReference; fileEncoding = 4; lastKnownFileType = sourcecode.c.objc; name = FMDatabaseAdditions.m; path = FMDatabase/FMDatabaseAdditions.m; sourceTree = "<group>"; };
		872F5ECD1DF534E7009D641D /* FMDatabasePool.h */ = {isa = PBXFileReference; fileEncoding = 4; lastKnownFileType = sourcecode.c.h; name = FMDatabasePool.h; path = FMDatabase/FMDatabasePool.h; sourceTree = "<group>"; };
		872F5ECE1DF534E7009D641D /* FMDatabasePool.m */ = {isa = PBXFileReference; fileEncoding = 4; lastKnownFileType = sourcecode.c.objc; name = FMDatabasePool.m; path = FMDatabase/FMDatabasePool.m; sourceTree = "<group>"; };
		872F5ECF1DF534E7009D641D /* FMDatabaseQueue.h */ = {isa = PBXFileReference; fileEncoding = 4; lastKnownFileType = sourcecode.c.h; name = FMDatabaseQueue.h; path = FMDatabase/FMDatabaseQueue.h; sourceTree = "<group>"; };
		872F5ED01DF534E7009D641D /* FMDatabaseQueue.m */ = {isa = PBXFileReference; fileEncoding = 4; lastKnownFileType = sourcecode.c.objc; name = FMDatabaseQueue.m; path = FMDatabase/FMDatabaseQueue.m; sourceTree = "<group>"; };
		872F5ED11DF534E7009D641D /* FMDB.h */ = {isa = PBXFileReference; fileEncoding = 4; lastKnownFileType = sourcecode.c.h; name = FMDB.h; path = FMDatabase/FMDB.h; sourceTree = "<group>"; };
		872F5ED21DF534E7009D641D /* FMResultSet.h */ = {isa = PBXFileReference; fileEncoding = 4; lastKnownFileType = sourcecode.c.h; name = FMResultSet.h; path = FMDatabase/FMResultSet.h; sourceTree = "<group>"; };
		872F5ED31DF534E7009D641D /* FMResultSet.m */ = {isa = PBXFileReference; fileEncoding = 4; lastKnownFileType = sourcecode.c.objc; name = FMResultSet.m; path = FMDatabase/FMResultSet.m; sourceTree = "<group>"; };
		872F5EDB1DF5CA1F009D641D /* libsqlite3.tbd */ = {isa = PBXFileReference; lastKnownFileType = "sourcecode.text-based-dylib-definition"; name = libsqlite3.tbd; path = usr/lib/libsqlite3.tbd; sourceTree = SDKROOT; };
		872F5EDD1DF5D204009D641D /* pantry.db */ = {isa = PBXFileReference; lastKnownFileType = file; path = pantry.db; sourceTree = "<group>"; };
		872F5EE01DF7BE84009D641D /* InventoryTableViewCell.swift */ = {isa = PBXFileReference; fileEncoding = 4; lastKnownFileType = sourcecode.swift; path = InventoryTableViewCell.swift; sourceTree = "<group>"; };
		872F5EE21DF7C4AD009D641D /* InventoryTableViewController.swift */ = {isa = PBXFileReference; fileEncoding = 4; lastKnownFileType = sourcecode.swift; path = InventoryTableViewController.swift; sourceTree = "<group>"; };
		872F5EE41DF7E6C6009D641D /* InventoryViewController.swift */ = {isa = PBXFileReference; fileEncoding = 4; lastKnownFileType = sourcecode.swift; path = InventoryViewController.swift; sourceTree = "<group>"; };
		872F5EE71DFA6E54009D641D /* Barcode.swift */ = {isa = PBXFileReference; fileEncoding = 4; lastKnownFileType = sourcecode.swift; path = Barcode.swift; sourceTree = "<group>"; };
		872F5EE91DFA8F65009D641D /* ScanViewController.swift */ = {isa = PBXFileReference; fileEncoding = 4; lastKnownFileType = sourcecode.swift; path = ScanViewController.swift; sourceTree = "<group>"; };
/* End PBXFileReference section */

/* Begin PBXFrameworksBuildPhase section */
		8714CEE01DEA57BF009426FA /* Frameworks */ = {
			isa = PBXFrameworksBuildPhase;
			buildActionMask = 2147483647;
			files = (
				872F5EDC1DF5CA1F009D641D /* libsqlite3.tbd in Frameworks */,
			);
			runOnlyForDeploymentPostprocessing = 0;
		};
/* End PBXFrameworksBuildPhase section */

/* Begin PBXGroup section */
		8714CEDA1DEA57BF009426FA = {
			isa = PBXGroup;
			children = (
				8714CEE51DEA57BF009426FA /* Pantry1 */,
				8714CEE41DEA57BF009426FA /* Products */,
				872F5EDA1DF5CA1E009D641D /* Frameworks */,
			);
			sourceTree = "<group>";
		};
		8714CEE41DEA57BF009426FA /* Products */ = {
			isa = PBXGroup;
			children = (
				8714CEE31DEA57BF009426FA /* Pantry1.app */,
			);
			name = Products;
			sourceTree = "<group>";
		};
		8714CEE51DEA57BF009426FA /* Pantry1 */ = {
			isa = PBXGroup;
			children = (
				872F5ED91DF53521009D641D /* FMDatabase */,
				879DDB991DF10853003649A9 /* Model */,
				872F5EDF1DF79343009D641D /* ProductViewController */,
				872F5EE61DFA6DC5009D641D /* InventoryViewController */,
				8714CEE61DEA57BF009426FA /* AppDelegate.swift */,
				8714CEE81DEA57BF009426FA /* PantryViewController.swift */,
				872F5EE91DFA8F65009D641D /* ScanViewController.swift */,
				8714CEEA1DEA57BF009426FA /* Main.storyboard */,
				872F5EC81DF534E6009D641D /* Pantry1-Bridging-Header.h */,
				8714CEED1DEA57BF009426FA /* Assets.xcassets */,
				8714CEEF1DEA57BF009426FA /* LaunchScreen.storyboard */,
				8714CEF21DEA57BF009426FA /* Info.plist */,
			);
			path = Pantry1;
			sourceTree = "<group>";
		};
		872F5ED91DF53521009D641D /* FMDatabase */ = {
			isa = PBXGroup;
			children = (
				872F5EC91DF534E7009D641D /* FMDatabase.h */,
				872F5ECA1DF534E7009D641D /* FMDatabase.m */,
				872F5ECB1DF534E7009D641D /* FMDatabaseAdditions.h */,
				872F5ECC1DF534E7009D641D /* FMDatabaseAdditions.m */,
				872F5ECD1DF534E7009D641D /* FMDatabasePool.h */,
				872F5ECE1DF534E7009D641D /* FMDatabasePool.m */,
				872F5ECF1DF534E7009D641D /* FMDatabaseQueue.h */,
				872F5ED01DF534E7009D641D /* FMDatabaseQueue.m */,
				872F5ED11DF534E7009D641D /* FMDB.h */,
				872F5ED21DF534E7009D641D /* FMResultSet.h */,
				872F5ED31DF534E7009D641D /* FMResultSet.m */,
			);
			name = FMDatabase;
			sourceTree = "<group>";
		};
		872F5EDA1DF5CA1E009D641D /* Frameworks */ = {
			isa = PBXGroup;
			children = (
				872F5EDB1DF5CA1F009D641D /* libsqlite3.tbd */,
			);
			name = Frameworks;
			sourceTree = "<group>";
		};
		872F5EDF1DF79343009D641D /* ProductViewController */ = {
			isa = PBXGroup;
			children = (
				872F5EC41DF52801009D641D /* ProductTableViewCell.swift */,
				872F5E971DF29260009D641D /* ProductTableViewController.swift */,
				872F5E9D1DF4BB9D009D641D /* ProductViewController.swift */,
			);
			name = ProductViewController;
			sourceTree = "<group>";
		};
		872F5EE61DFA6DC5009D641D /* InventoryViewController */ = {
			isa = PBXGroup;
			children = (
				872F5EE01DF7BE84009D641D /* InventoryTableViewCell.swift */,
				872F5EE21DF7C4AD009D641D /* InventoryTableViewController.swift */,
				872F5EE41DF7E6C6009D641D /* InventoryViewController.swift */,
			);
			name = InventoryViewController;
			sourceTree = "<group>";
		};
		879DDB991DF10853003649A9 /* Model */ = {
			isa = PBXGroup;
			children = (
				872F5EDD1DF5D204009D641D /* pantry.db */,
				872F5E931DF21B36009D641D /* Product.swift */,
				872F5E991DF4892D009D641D /* Inventory.swift */,
				872F5EE71DFA6E54009D641D /* Barcode.swift */,
				872F5EC61DF5318B009D641D /* Pantry.swift */,
			);
			name = Model;
			sourceTree = "<group>";
		};
/* End PBXGroup section */

/* Begin PBXNativeTarget section */
		8714CEE21DEA57BF009426FA /* Pantry1 */ = {
			isa = PBXNativeTarget;
			buildConfigurationList = 8714CEF51DEA57C0009426FA /* Build configuration list for PBXNativeTarget "Pantry1" */;
			buildPhases = (
				8714CEDF1DEA57BF009426FA /* Sources */,
				8714CEE01DEA57BF009426FA /* Frameworks */,
				8714CEE11DEA57BF009426FA /* Resources */,
			);
			buildRules = (
			);
			dependencies = (
			);
			name = Pantry1;
			productName = Pantry1;
			productReference = 8714CEE31DEA57BF009426FA /* Pantry1.app */;
			productType = "com.apple.product-type.application";
		};
/* End PBXNativeTarget section */

/* Begin PBXProject section */
		8714CEDB1DEA57BF009426FA /* Project object */ = {
			isa = PBXProject;
			attributes = {
				LastSwiftUpdateCheck = 0810;
				LastUpgradeCheck = 0810;
				ORGANIZATIONNAME = "Dennis Wong";
				TargetAttributes = {
					8714CEE21DEA57BF009426FA = {
						CreatedOnToolsVersion = 8.1;
						DevelopmentTeam = E2L575L59J;
						LastSwiftMigration = 0810;
						ProvisioningStyle = Automatic;
					};
				};
			};
			buildConfigurationList = 8714CEDE1DEA57BF009426FA /* Build configuration list for PBXProject "Pantry1" */;
			compatibilityVersion = "Xcode 3.2";
			developmentRegion = English;
			hasScannedForEncodings = 0;
			knownRegions = (
				en,
				Base,
			);
			mainGroup = 8714CEDA1DEA57BF009426FA;
			productRefGroup = 8714CEE41DEA57BF009426FA /* Products */;
			projectDirPath = "";
			projectRoot = "";
			targets = (
				8714CEE21DEA57BF009426FA /* Pantry1 */,
			);
		};
/* End PBXProject section */

/* Begin PBXResourcesBuildPhase section */
		8714CEE11DEA57BF009426FA /* Resources */ = {
			isa = PBXResourcesBuildPhase;
			buildActionMask = 2147483647;
			files = (
				8714CEF11DEA57BF009426FA /* LaunchScreen.storyboard in Resources */,
				8714CEEE1DEA57BF009426FA /* Assets.xcassets in Resources */,
				8714CEEC1DEA57BF009426FA /* Main.storyboard in Resources */,
				872F5EDE1DF5D204009D641D /* pantry.db in Resources */,
			);
			runOnlyForDeploymentPostprocessing = 0;
		};
/* End PBXResourcesBuildPhase section */

/* Begin PBXSourcesBuildPhase section */
		8714CEDF1DEA57BF009426FA /* Sources */ = {
			isa = PBXSourcesBuildPhase;
			buildActionMask = 2147483647;
			files = (
				872F5E9A1DF4892D009D641D /* Inventory.swift in Sources */,
				8714CEE91DEA57BF009426FA /* PantryViewController.swift in Sources */,
				872F5EC51DF52801009D641D /* ProductTableViewCell.swift in Sources */,
				872F5ED41DF534E7009D641D /* FMDatabase.m in Sources */,
				872F5EE11DF7BE85009D641D /* InventoryTableViewCell.swift in Sources */,
				872F5EE51DF7E6C6009D641D /* InventoryViewController.swift in Sources */,
				872F5E941DF21B36009D641D /* Product.swift in Sources */,
				872F5ED71DF534E7009D641D /* FMDatabaseQueue.m in Sources */,
				872F5ED81DF534E7009D641D /* FMResultSet.m in Sources */,
				872F5ED61DF534E7009D641D /* FMDatabasePool.m in Sources */,
				872F5E9E1DF4BB9D009D641D /* ProductViewController.swift in Sources */,
				872F5EC71DF5318B009D641D /* Pantry.swift in Sources */,
				872F5EE31DF7C4AD009D641D /* InventoryTableViewController.swift in Sources */,
				8714CEE71DEA57BF009426FA /* AppDelegate.swift in Sources */,
				872F5E981DF29260009D641D /* ProductTableViewController.swift in Sources */,
				872F5ED51DF534E7009D641D /* FMDatabaseAdditions.m in Sources */,
				872F5EE81DFA6E54009D641D /* Barcode.swift in Sources */,
				872F5EEA1DFA8F65009D641D /* ScanViewController.swift in Sources */,
			);
			runOnlyForDeploymentPostprocessing = 0;
		};
/* End PBXSourcesBuildPhase section */

/* Begin PBXVariantGroup section */
		8714CEEA1DEA57BF009426FA /* Main.storyboard */ = {
			isa = PBXVariantGroup;
			children = (
				8714CEEB1DEA57BF009426FA /* Base */,
			);
			name = Main.storyboard;
			sourceTree = "<group>";
		};
		8714CEEF1DEA57BF009426FA /* LaunchScreen.storyboard */ = {
			isa = PBXVariantGroup;
			children = (
				8714CEF01DEA57BF009426FA /* Base */,
			);
			name = LaunchScreen.storyboard;
			sourceTree = "<group>";
		};
/* End PBXVariantGroup section */

/* Begin XCBuildConfiguration section */
		8714CEF31DEA57BF009426FA /* Debug */ = {
			isa = XCBuildConfiguration;
			buildSettings = {
				ALWAYS_SEARCH_USER_PATHS = NO;
				CLANG_ANALYZER_NONNULL = YES;
				CLANG_CXX_LANGUAGE_STANDARD = "gnu++0x";
				CLANG_CXX_LIBRARY = "libc++";
				CLANG_ENABLE_MODULES = YES;
				CLANG_ENABLE_OBJC_ARC = YES;
				CLANG_WARN_BOOL_CONVERSION = YES;
				CLANG_WARN_CONSTANT_CONVERSION = YES;
				CLANG_WARN_DIRECT_OBJC_ISA_USAGE = YES_ERROR;
				CLANG_WARN_DOCUMENTATION_COMMENTS = YES;
				CLANG_WARN_EMPTY_BODY = YES;
				CLANG_WARN_ENUM_CONVERSION = YES;
				CLANG_WARN_INFINITE_RECURSION = YES;
				CLANG_WARN_INT_CONVERSION = YES;
				CLANG_WARN_OBJC_ROOT_CLASS = YES_ERROR;
				CLANG_WARN_SUSPICIOUS_MOVES = YES;
				CLANG_WARN_UNREACHABLE_CODE = YES;
				CLANG_WARN__DUPLICATE_METHOD_MATCH = YES;
				"CODE_SIGN_IDENTITY[sdk=iphoneos*]" = "iPhone Developer";
				COPY_PHASE_STRIP = NO;
				DEBUG_INFORMATION_FORMAT = dwarf;
				ENABLE_STRICT_OBJC_MSGSEND = YES;
				ENABLE_TESTABILITY = YES;
				GCC_C_LANGUAGE_STANDARD = gnu99;
				GCC_DYNAMIC_NO_PIC = NO;
				GCC_NO_COMMON_BLOCKS = YES;
				GCC_OPTIMIZATION_LEVEL = 0;
				GCC_PREPROCESSOR_DEFINITIONS = (
					"DEBUG=1",
					"$(inherited)",
				);
				GCC_WARN_64_TO_32_BIT_CONVERSION = YES;
				GCC_WARN_ABOUT_RETURN_TYPE = YES_ERROR;
				GCC_WARN_UNDECLARED_SELECTOR = YES;
				GCC_WARN_UNINITIALIZED_AUTOS = YES_AGGRESSIVE;
				GCC_WARN_UNUSED_FUNCTION = YES;
				GCC_WARN_UNUSED_VARIABLE = YES;
				IPHONEOS_DEPLOYMENT_TARGET = 10.1;
				MTL_ENABLE_DEBUG_INFO = YES;
				ONLY_ACTIVE_ARCH = YES;
				SDKROOT = iphoneos;
				SWIFT_ACTIVE_COMPILATION_CONDITIONS = DEBUG;
				SWIFT_OPTIMIZATION_LEVEL = "-Onone";
			};
			name = Debug;
		};
		8714CEF41DEA57BF009426FA /* Release */ = {
			isa = XCBuildConfiguration;
			buildSettings = {
				ALWAYS_SEARCH_USER_PATHS = NO;
				CLANG_ANALYZER_NONNULL = YES;
				CLANG_CXX_LANGUAGE_STANDARD = "gnu++0x";
				CLANG_CXX_LIBRARY = "libc++";
				CLANG_ENABLE_MODULES = YES;
				CLANG_ENABLE_OBJC_ARC = YES;
				CLANG_WARN_BOOL_CONVERSION = YES;
				CLANG_WARN_CONSTANT_CONVERSION = YES;
				CLANG_WARN_DIRECT_OBJC_ISA_USAGE = YES_ERROR;
				CLANG_WARN_DOCUMENTATION_COMMENTS = YES;
				CLANG_WARN_EMPTY_BODY = YES;
				CLANG_WARN_ENUM_CONVERSION = YES;
				CLANG_WARN_INFINITE_RECURSION = YES;
				CLANG_WARN_INT_CONVERSION = YES;
				CLANG_WARN_OBJC_ROOT_CLASS = YES_ERROR;
				CLANG_WARN_SUSPICIOUS_MOVES = YES;
				CLANG_WARN_UNREACHABLE_CODE = YES;
				CLANG_WARN__DUPLICATE_METHOD_MATCH = YES;
				"CODE_SIGN_IDENTITY[sdk=iphoneos*]" = "iPhone Developer";
				COPY_PHASE_STRIP = NO;
				DEBUG_INFORMATION_FORMAT = "dwarf-with-dsym";
				ENABLE_NS_ASSERTIONS = NO;
				ENABLE_STRICT_OBJC_MSGSEND = YES;
				GCC_C_LANGUAGE_STANDARD = gnu99;
				GCC_NO_COMMON_BLOCKS = YES;
				GCC_WARN_64_TO_32_BIT_CONVERSION = YES;
				GCC_WARN_ABOUT_RETURN_TYPE = YES_ERROR;
				GCC_WARN_UNDECLARED_SELECTOR = YES;
				GCC_WARN_UNINITIALIZED_AUTOS = YES_AGGRESSIVE;
				GCC_WARN_UNUSED_FUNCTION = YES;
				GCC_WARN_UNUSED_VARIABLE = YES;
				IPHONEOS_DEPLOYMENT_TARGET = 10.1;
				MTL_ENABLE_DEBUG_INFO = NO;
				SDKROOT = iphoneos;
				SWIFT_OPTIMIZATION_LEVEL = "-Owholemodule";
				VALIDATE_PRODUCT = YES;
			};
			name = Release;
		};
		8714CEF61DEA57C0009426FA /* Debug */ = {
			isa = XCBuildConfiguration;
			buildSettings = {
				ASSETCATALOG_COMPILER_APPICON_NAME = AppIcon;
				CLANG_ENABLE_MODULES = YES;
				DEVELOPMENT_TEAM = E2L575L59J;
				INFOPLIST_FILE = Pantry1/Info.plist;
				IPHONEOS_DEPLOYMENT_TARGET = 10.0;
				LD_RUNPATH_SEARCH_PATHS = "$(inherited) @executable_path/Frameworks";
				PRODUCT_BUNDLE_IDENTIFIER = edu.me.Pantry1;
				PRODUCT_NAME = "$(TARGET_NAME)";
				SWIFT_OBJC_BRIDGING_HEADER = "Pantry1-Bridging-Header.h";
				SWIFT_OPTIMIZATION_LEVEL = "-Onone";
				SWIFT_VERSION = 3.0;
			};
			name = Debug;
		};
		8714CEF71DEA57C0009426FA /* Release */ = {
			isa = XCBuildConfiguration;
			buildSettings = {
				ASSETCATALOG_COMPILER_APPICON_NAME = AppIcon;
				CLANG_ENABLE_MODULES = YES;
				DEVELOPMENT_TEAM = E2L575L59J;
				INFOPLIST_FILE = Pantry1/Info.plist;
				IPHONEOS_DEPLOYMENT_TARGET = 10.0;
				LD_RUNPATH_SEARCH_PATHS = "$(inherited) @executable_path/Frameworks";
				PRODUCT_BUNDLE_IDENTIFIER = edu.me.Pantry1;
				PRODUCT_NAME = "$(TARGET_NAME)";
				SWIFT_OBJC_BRIDGING_HEADER = "Pantry1-Bridging-Header.h";
				SWIFT_VERSION = 3.0;
			};
			name = Release;
		};
/* End XCBuildConfiguration section */

/* Begin XCConfigurationList section */
		8714CEDE1DEA57BF009426FA /* Build configuration list for PBXProject "Pantry1" */ = {
			isa = XCConfigurationList;
			buildConfigurations = (
				8714CEF31DEA57BF009426FA /* Debug */,
				8714CEF41DEA57BF009426FA /* Release */,
			);
			defaultConfigurationIsVisible = 0;
			defaultConfigurationName = Release;
		};
		8714CEF51DEA57C0009426FA /* Build configuration list for PBXNativeTarget "Pantry1" */ = {
			isa = XCConfigurationList;
			buildConfigurations = (
				8714CEF61DEA57C0009426FA /* Debug */,
				8714CEF71DEA57C0009426FA /* Release */,
			);
			defaultConfigurationIsVisible = 0;
			defaultConfigurationName = Release;
		};
/* End XCConfigurationList section */
	};
	rootObject = 8714CEDB1DEA57BF009426FA /* Project object */;
}
